- alias: Master Wake Work
  trigger:
    - platform: template
      value_template: "{{ states('sensor.time') == (state_attr('input_datetime.master_work_alarm', 'timestamp') | timestamp_custom('%H:%M', False)) }}"
  condition:
    - condition: and
      conditions:
        - condition: state
          entity_id: alarm_control_panel.house
          state: armed_night
        - condition: state
          entity_id: input_boolean.work_alarm_enabled
          state: 'on'
        - condition: state
          entity_id: calendar.work_holidays
          state: 'off'
        - condition: time
          weekday:
            - mon
            - tue
            - wed
            - thu
            - fri
  action:
    - service: mqtt.publish
      data:
        topic: horn/command/set/clock
        payload: 'ON'
    - service: input_boolean.turn_on
      entity_id: 
        - input_boolean.master_lamp_timer
        - input_boolean.work_alarm_ringing
        - input_boolean.alarm_clock_ringing
    - service: counter.increment
      entity_id: counter.master_snooze

- alias: Master Wake Manual With Music
  trigger:
    - platform: template
      value_template: "{{ states('sensor.time') == (state_attr('input_datetime.master_manual_alarm', 'timestamp') | timestamp_custom('%H:%M', False)) }}"
  condition:
    - condition: state
      entity_id: alarm_control_panel.house
      state: armed_night
    - condition: state
      entity_id: input_boolean.manual_alarm_enabled
      state: 'on'
    - condition: state
      entity_id: input_boolean.manual_alarm_horn
      state: 'off'
  action:
    - service: media_player.play_media
      data:
        entity_id: media_player.alexa_master_bedroom
        media_content_id: "reset master bedroom echo"
        media_content_type: "routine"
    - delay:
        seconds: 5
    - service: media_player.play_media
      data:
        entity_id: media_player.alexa_master_bedroom
        media_content_id: "today's worship"
        media_content_type: "PANDORA"
    - service: light.turn_on
      data:
        entity_id: light.master_bedroom_lamps
        brightness: 64
    - service: input_boolean.turn_on
      entity_id: 
        - input_boolean.manual_alarm_ringing
        - input_boolean.alarm_clock_ringing
    - service: counter.increment
      entity_id: counter.master_snooze

- alias: Master Wake Manual With Horn
  trigger:
    - platform: template
      value_template: "{{ states('sensor.time') == (state_attr('input_datetime.master_manual_alarm', 'timestamp') | int | timestamp_custom('%H:%M', False)) }}"
  condition:
    - condition: state
      entity_id: alarm_control_panel.house
      state: armed_night
    - condition: state
      entity_id: input_boolean.manual_alarm_enabled
      state: 'on'
    - condition: state
      entity_id: input_boolean.manual_alarm_horn
      state: 'on'
  action:
    - service: mqtt.publish
      data:
        topic: horn/command/set/clock
        payload: 'ON'
    - service: light.turn_on
      data:
        entity_id: light.master_bedroom_lamps
        brightness: 64
    - service: input_boolean.turn_on
      entity_id: 
        - input_boolean.manual_alarm_ringing
        - input_boolean.alarm_clock_ringing
    - service: counter.increment
      entity_id: counter.master_snooze

- alias: Master Wake Manual Resume HVAC
  trigger:
    - platform: state
      entity_id: counter.master_snooze
      to: '1'
  condition:
    - condition: state
      entity_id: input_boolean.manual_alarm_ringing
      state: 'on'
    - condition: state
      entity_id: input_boolean.manual_alarm_hvac
      state: 'on'
  action:
    - service: climate.set_temperature
      data:
        entity_id: climate.living_areas
        target_temp_high: 78
        target_temp_low: 68
    - service: climate.set_temperature
      data:
        entity_id: climate.front_rooms
        target_temp_high: 78
        target_temp_low: 68
    - service: climate.set_temperature
      data:
        entity_id: climate.master_suite
        target_temp_high: 79
        target_temp_low: 68     

- alias: Master Wake Work First Snooze
  trigger:
    - platform: state
      entity_id: counter.master_snooze
      to: '2'
  condition:
    - condition: state
      entity_id: input_boolean.work_alarm_ringing
      state: 'on'
  action:
    - service: light.turn_on
      data:
        entity_id: light.master_bedroom_lamps
        brightness: 64
    - service: mqtt.publish
      data:
        topic: nuvo/command/set/zone/vol
        payload: 4,60
    - delay:
        milliseconds: 500
    - service: mqtt.publish
      data:
        topic: nuvo/command/set/zone/src
        payload: 4,5
    - service: switch.turn_on
      data:
        entity_id: switch.nuvo_zone_4_power
    - delay:
        milliseconds: 500
    - service: switch.turn_on
      data:
        entity_id: switch.nuvo_zone_5_power
    - delay:
        milliseconds: 500
    - service: switch.turn_on
      data:
        entity_id: switch.nuvo_zone_10_power
    - service: input_boolean.turn_on
      data:
        entity_id: input_boolean.master_lamp_timer
      
- alias: Master Wake Work Second Snooze
  trigger:
    - platform: state
      entity_id: counter.master_snooze
      to: '3'
  condition:
    - condition: state
      entity_id: input_boolean.work_alarm_ringing
      state: 'on'
  action:
    - service: switch.turn_on
      entity_id: switch.master_bedroom_lamps

- alias: Master Wake Work Snooze Start
  trigger:
    - platform: mqtt
      topic: zigbee2mqtt/snooze_button_1
    - platform: mqtt
      topic: zigbee2mqtt/snooze_button_2
  condition:
    - condition: template
      value_template: "{{ trigger.payload_json['click'] == 'single' }}"
    - condition: state
      entity_id: input_boolean.alarm_clock_ringing
      state: 'on'
    - condition: state
      entity_id: input_boolean.work_alarm_ringing
      state: 'on'
  action:
    - service: mqtt.publish
      data:
        topic: horn/command/set/clock
        payload: 'OFF'
    - service: timer.start
      entity_id: timer.master_snooze
    - service: input_boolean.turn_off
      entity_id: input_boolean.alarm_clock_ringing

- alias: Master Wake Work Snooze Stop
  trigger:
    - platform: event
      event_type: timer.finished
      event_data:
        entity_id: timer.master_snooze      
  condition:
      - condition: state
        entity_id: input_boolean.alarm_clock_ringing
        state: 'off'
      - condition: state
        entity_id: input_boolean.work_alarm_ringing
        state: 'on'
  action:
    - service: mqtt.publish
      data:
        topic: horn/command/set/clock
        payload: 'ON'
    - service: input_boolean.turn_on
      entity_id: input_boolean.alarm_clock_ringing
    - service: counter.increment
      entity_id: counter.master_snooze

- alias: Master Wake Manual Snooze Start
  trigger:
    - platform: mqtt
      topic: zigbee2mqtt/snooze_button_1
    - platform: mqtt
      topic: zigbee2mqtt/snooze_button_2
  condition:
    - condition: template
      value_template: "{{ trigger.payload_json['click'] == 'single' }}"
    - condition: state
      entity_id: input_boolean.alarm_clock_ringing
      state: 'on'
    - condition: state
      entity_id: input_boolean.manual_alarm_ringing
      state: 'on'
  action:
    - service: mqtt.publish
      data:
        topic: horn/command/set/clock
        payload: 'OFF'
    - service: media_player.turn_off
      entity_id: media_player.alexa_master_bedroom
    - service: light.turn_off
      entity_id: light.master_bedroom_lamps
    - service: timer.start
      entity_id: timer.master_snooze
    - service: input_boolean.turn_off
      entity_id: input_boolean.alarm_clock_ringing

- alias: Master Wake Manual Snooze Stop Music
  trigger:
    - platform: event
      event_type: timer.finished
      event_data:
        entity_id: timer.master_snooze      
  condition:
      - condition: state
        entity_id: input_boolean.alarm_clock_ringing
        state: 'off'
      - condition: state
        entity_id: input_boolean.manual_alarm_ringing
        state: 'on'
      - condition: state
        entity_id: input_boolean.manual_alarm_horn
        state: 'off'
  action:
    - service: media_player.play_media
      data:
        entity_id: media_player.alexa_master_bedroom
        media_content_id: "today's worship"
        media_content_type: "PANDORA"
    - service: light.turn_on
      data:
        entity_id: light.master_bedroom_lamps
        brightness: 64
    - service: input_boolean.turn_on
      entity_id: input_boolean.alarm_clock_ringing   
    - service: counter.increment
      entity_id: counter.master_snooze

- alias: Master Wake Manual Snooze Stop Horn
  trigger:
    - platform: event
      event_type: timer.finished
      event_data:
        entity_id: timer.master_snooze      
  condition:
      - condition: state
        entity_id: input_boolean.alarm_clock_ringing
        state: 'off'
      - condition: state
        entity_id: input_boolean.manual_alarm_ringing
        state: 'on'
      - condition: state
        entity_id: input_boolean.manual_alarm_horn
        state: 'on'
  action:
    - service: mqtt.publish
      data:
        topic: horn/command/set/clock
        payload: 'ON'
    - service: light.turn_on
      data:
        entity_id: light.master_bedroom_lamps
        brightness: 64
    - service: input_boolean.turn_on
      entity_id: input_boolean.alarm_clock_ringing     
    - service: counter.increment
      entity_id: counter.master_snooze       

- alias: Master Wake Work Off
  trigger:
    - platform: mqtt
      topic: zigbee2mqtt/snooze_button_1
    - platform: mqtt
      topic: zigbee2mqtt/snooze_button_2
  condition:
    - condition: template
      value_template: "{{ trigger.payload_json['click'] == 'triple' }}"
    - condition: state
      entity_id: input_boolean.work_alarm_ringing
      state: 'on'
  action:
    - service: mqtt.publish
      data:
        topic: horn/command/set/clock
        payload: 'OFF'
    - service: timer.cancel
      entity_id: timer.master_snooze
    - service: counter.reset
      entity_id: counter.master_snooze
    - service: input_boolean.turn_off
      entity_id: 
        - input_boolean.alarm_clock_ringing
        - input_boolean.work_alarm_ringing     
    - service: switch.turn_on
      entity_id: switch.master_bedroom_lamps 

- alias: Master Wake Manual Off Single
  trigger:
    - platform: mqtt
      topic: zigbee2mqtt/snooze_button_1
    - platform: mqtt
      topic: zigbee2mqtt/snooze_button_2
  condition:
    - condition: template
      value_template: "{{ trigger.payload_json['click'] == 'triple' }}"
    - condition: state
      entity_id: input_boolean.manual_alarm_ringing
      state: 'on'
    - condition: state
      entity_id: input_boolean.manual_alarm_repeat
      state: 'off'
  action:
    - service: mqtt.publish
      data:
        topic: horn/command/set/clock
        payload: 'OFF'
    - service: media_player.turn_off
      entity_id: media_player.alexa_master_bedroom
    - service: timer.cancel
      entity_id: timer.master_snooze
    - service: counter.reset
      entity_id: counter.master_snooze
    - service: input_boolean.turn_off
      entity_id: 
        - input_boolean.alarm_clock_ringing
        - input_boolean.manual_alarm_ringing
        - input_boolean.manual_alarm_enabled        

- alias: Master Wake Manual Off Repeat
  trigger:
    - platform: mqtt
      topic: zigbee2mqtt/snooze_button_1
    - platform: mqtt
      topic: zigbee2mqtt/snooze_button_2
  condition:
    - condition: template
      value_template: "{{ trigger.payload_json['click'] == 'triple' }}"
    - condition: state
      entity_id: input_boolean.manual_alarm_ringing
      state: 'on'
    - condition: state
      entity_id: input_boolean.manual_alarm_repeat
      state: 'on'
  action:
    - service: mqtt.publish
      data:
        topic: horn/command/set/clock
        payload: 'OFF'
    - service: media_player.turn_off
      entity_id: media_player.alexa_master_bedroom
    - service: timer.cancel
      entity_id: timer.master_snooze
    - service: counter.reset
      entity_id: counter.master_snooze
    - service: input_boolean.turn_off
      entity_id: 
        - input_boolean.alarm_clock_ringing
        - input_boolean.manual_alarm_ringing

- alias: Master Wake Work Disable
  trigger:
    - platform: state
      entity_id: input_boolean.work_alarm_enabled
      from: 'on'
      to: 'off'
  action:
    - service: mqtt.publish
      data:
        topic: horn/command/set/clock
        payload: 'OFF'
    - service: timer.cancel
      entity_id: timer.master_snooze
    - service: counter.reset
      entity_id: counter.master_snooze
    - service: input_boolean.turn_off
      entity_id: 
        - input_boolean.alarm_clock_ringing
        - input_boolean.work_alarm_ringing

- alias: Master Wake Manual Disable Button
  trigger:
    - platform: mqtt
      topic: zigbee2mqtt/snooze_button_1
    - platform: mqtt
      topic: zigbee2mqtt/snooze_button_2
  condition:
    - condition: template
      value_template: "{{ trigger.payload_json['click'] == 'quadruple' }}"
    - condition: state
      entity_id: input_boolean.manual_alarm_ringing
      state: 'on'
    - condition: state
      entity_id: input_boolean.manual_alarm_enabled
      state: 'on'
  action:
    - service: mqtt.publish
      data:
        topic: horn/command/set/clock
        payload: 'OFF'
    - service: media_player.turn_off
      entity_id: media_player.alexa_master_bedroom
    - service: timer.cancel
      entity_id: timer.master_snooze
    - service: counter.reset
      entity_id: counter.master_snooze
    - service: input_boolean.turn_off
      entity_id: 
        - input_boolean.alarm_clock_ringing
        - input_boolean.manual_alarm_ringing 
        - input_boolean.manual_alarm_enabled          

- alias: Master Wake Manual Disable
  trigger:
    - platform: state
      entity_id: input_boolean.manual_alarm_enabled
      from: 'on'
      to: 'off'
  condition:
    - condition: state
      entity_id: input_boolean.manual_alarm_ringing
      state: 'on'
  action:
    - service: mqtt.publish
      data:
        topic: horn/command/set/clock
        payload: 'OFF'
    - service: media_player.turn_off
      entity_id: media_player.alexa_master_bedroom
    - service: timer.cancel
      entity_id: timer.master_snooze
    - service: counter.reset
      entity_id: counter.master_snooze
    - service: input_boolean.turn_off
      entity_id: 
        - input_boolean.alarm_clock_ringing
        - input_boolean.manual_alarm_ringing     

- alias: Master Wake Work On from Keypad
  trigger:
    - platform: state
      entity_id: switch.master_clock_work
      from: 'off'
      to: 'on'
  action:
    - service: input_boolean.turn_on
      entity_id: input_boolean.work_alarm_enabled

- alias: Master Wake Work Off from Keypad
  trigger:
    - platform: state
      entity_id: switch.master_clock_work
      from: 'on'
      to: 'off'
  action:
    - service: input_boolean.turn_off
      entity_id: input_boolean.work_alarm_enabled

- alias: Master Wake Work Keypad On
  trigger:
    - platform: state
      entity_id: input_boolean.work_alarm_enabled
      from: 'off'
      to: 'on'
  condition:
    - condition: state
      entity_id: switch.master_clock_work
      state:  'off'
  action:
    - service: switch.turn_on
      entity_id: switch.master_clock_work

- alias: Master Wake Work Keypad Off
  trigger:
    - platform: state
      entity_id: input_boolean.work_alarm_enabled
      from: 'on'
      to: 'off'
  condition:
    - condition: state
      entity_id: switch.master_clock_work
      state:  'on'
  action:
    - service: switch.turn_off
      entity_id: switch.master_clock_work        

- alias: Master Wake Manual On from Keypad
  trigger:
    - platform: state
      entity_id: switch.master_clock_manual
      from: 'off'
      to: 'on'
  action:
    - service: input_boolean.turn_on
      entity_id: input_boolean.manual_alarm_enabled

- alias: Master Wake Manual Off from Keypad
  trigger:
    - platform: state
      entity_id: switch.master_clock_manual
      from: 'on'
      to: 'off'
  action:
    - service: input_boolean.turn_off
      entity_id: input_boolean.manual_alarm_enabled

- alias: Master Wake Manual Keypad On
  trigger:
    - platform: state
      entity_id: input_boolean.manual_alarm_enabled
      from: 'off'
      to: 'on'
  condition:
    - condition: state
      entity_id: switch.master_clock_manual
      state:  'off'
  action:
    - service: switch.turn_on
      entity_id: switch.master_clock_manual

- alias: Master Wake Manual Keypad Off
  trigger:
    - platform: state
      entity_id: input_boolean.manual_alarm_enabled
      from: 'on'
      to: 'off'
  condition:
    - condition: state
      entity_id: switch.master_clock_manual
      state:  'on'
  action:
    - service: switch.turn_off
      entity_id: switch.master_clock_manual      

- alias: Master Wake Manual Disable if Awake and No Repeat
  trigger:
    - platform: template
      value_template: "{{ states('sensor.time') == (state_attr('input_datetime.master_manual_alarm', 'timestamp') | timestamp_custom('%H:%M', False)) }}"
  condition:
    - condition: or
      conditions:
        - condition: state
          entity_id: alarm_control_panel.house
          state: armed_home
        - condition: state
          entity_id: alarm_control_panel.house
          state: disarmed
    - condition: state
      entity_id: input_boolean.manual_alarm_enabled
      state: 'on'
    - condition: state
      entity_id: input_boolean.manual_alarm_repeat
      state: 'off'
  action:
    - service: input_boolean.turn_off
      entity_id: input_boolean.manual_alarm_enabled