input_boolean:
  work_alarm_enabled:
    name: Work Alarm Clock Enabled
    icon: mdi:timer-outline
  manual_alarm_enabled:
    name: Manual Alarm Clock Enabled
    icon: mdi:timer-outline
  work_alarm_status:
    name: Work Alarm Clock Status
    icon: mdi:timer-outline
  manual_alarm_status:
    name: Manual Alarm Clock Status
    icon: mdi:timer-outline
  alarm_clock_active:
    name: Alarm Clock Active
    icon: mdi:timer-outline
  alarm_clock_ringing:
    name: Alarm Clock Ringing
    icon: mdi:timer-outline

counter:
  master_snooze:
    initial: 0
    step: 1

timer:
  master_snooze:
    name: Master Snooze Timer
    duration: "00:09:00"

input_datetime:
  master_manual_alarm:
    name: Manual Alarm Clock Setting
    has_date: false
    has_time: true
  master_work_alarm:
    name: Work Alarm Clock Setting
    has_date: false
    has_time: true
  work_leave_time:
    name: Work Leave Time
    has_date: false
    has_time: true

sensor:
  - platform: time_date
    display_options:
      - "time"
      - "date"
      - "date_time"
      - "time_date"
      - "time_utc"

template:
  - trigger:
      - platform: time_pattern
        minutes: "/1" 
    action:
      - service: calendar.get_events
        data:
          start_date_time: "{{ today_at() }}"
          end_date_time: "{{ today_at('23:59:59') }}"
        target:
          entity_id: 
            - calendar.work_holidays
            - calendar.alarm_clock
        response_variable: agenda_alarm_today
      - service: calendar.get_events
        data:
          start_date_time: "{{ today_at() + timedelta(days=1) }}"
          end_date_time: "{{ today_at('23:59:59') + timedelta(days=1) }}"
        target:
          entity_id: 
            - calendar.work_holidays
            - calendar.alarm_clock
        response_variable: agenda_alarm_tomorrow
    binary_sensor:
      - name: Work Holiday Today
        unique_id: c5477fa2-9916-4030-99aa-50b7ad624c9b
        state: >
          {{ agenda_alarm_today['calendar.work_holidays'].events | count > 0 }}  
      - name: Work Holiday Tomorrow
        unique_id: 869e1724-e5c6-440c-a945-526e2453689f
        state: >
          {{ agenda_alarm_tomorrow['calendar.work_holidays'].events | count > 0 }}    
      - name: Calendar Alarm Today
        unique_id: c8f7be55-26bf-41c9-9844-58b2d378ffde
        state: >
          {{ agenda_alarm_tomorrow['calendar.alarm_clock'].events | count > 0 }}   
      - name: Calendar Alarm Tomorrow
        unique_id: 0373c15a-0f18-4471-9998-cc8b134aaf50
        state: >
          {{ agenda_alarm_tomorrow['calendar.alarm_clock'].events | count > 0 }}  
  - binary_sensor:
    - name: Weekend Today
      unique_id: efa8ed7e-aa68-4807-bd26-088baebfe30f
      state: >
        {{ now().weekday() == 5 or now().weekday() == 6 }}
    - name: Weekend Tomorrow
      unique_id: e6f5cb5a-dbdb-4c80-8a87-4bf4ee07e119
      state: >
        {{ now().weekday() == 4 or now().weekday() == 5 }}

automation:
  - alias: Master Wake Trigger
    id: a36059c4-113a-4f4a-afee-f5ac0fae1364
    trigger:
      - platform: template
        value_template: "{{ states('sensor.time') == (state_attr('input_datetime.master_work_alarm', 'timestamp') | timestamp_custom('%H:%M', False, none)) }}"
        id: work
      - platform: template
        value_template: "{{ states('sensor.time') == (state_attr('input_datetime.master_manual_alarm', 'timestamp') | timestamp_custom('%H:%M', False, none)) }}"
        id: manual
      - platform: state
        entity_id: calendar.alarm_clock
        from: "off"
        to: "on"
        id: calendar
    action:
      - choose:
          - conditions:
              - condition: state
                entity_id: alarm_control_panel.house
                state: armed_night
              - condition: or
                conditions:
                  - condition: and
                    conditions:
                      - condition: trigger
                        id: work
                      - condition: state
                        entity_id: binary_sensor.work_holiday_today
                        state: "off"
                      - condition: state
                        entity_id: binary_sensor.weekend_today
                        state: "off"
                      - condition: state
                        entity_id: input_boolean.work_alarm_enabled
                        state: "on"
                  - condition: and
                    conditions:
                      - condition: trigger
                        id: manual
                      - condition: state
                        entity_id: input_boolean.manual_alarm_enabled
                        state: "on"
                  - condition: trigger
                    id: calendar
            sequence:
              - service: mqtt.publish
                data:
                  topic: horn/command/set/clock
                  payload: "ON"
              - service: input_boolean.turn_on
                entity_id:
                  - input_boolean.alarm_clock_active
                  - input_boolean.alarm_clock_ringing
              - service: counter.increment
                entity_id: counter.master_snooze
              - service: timer.start
                entity_id: timer.master_snooze
              - service: climate.set_temperature
                data:
                  entity_id: 
                    - climate.den_thermostat
                    - climate.front_thermostat
                    - climate.master_thermostat
                  target_temp_high: 78
                  target_temp_low: 68
      - service: input_boolean.turn_off
        entity_id: input_boolean.manual_alarm_enabled
      - service: input_boolean.turn_on
        entity_id: input_boolean.work_alarm_enabled

  - alias: Master Wake First Snooze
    id: bb609e7d-eed3-4df2-b319-15366d20b86e
    trigger:
      - platform: state
        entity_id: counter.master_snooze
        to: "2"
    condition:
      - condition: state
        entity_id: input_boolean.alarm_clock_active
        state: "on"
    action:
      - service: light.turn_on
        data:
          entity_id: light.master_bedroom_lamps
          brightness: 64
      - service: mqtt.publish
        data:
          topic: nuvo/command/set/zone/vol
          payload: 4,60
      - delay:
          milliseconds: 500
      - service: mqtt.publish
        data:
          topic: nuvo/command/set/zone/src
          payload: 4,1
      - service: mqtt.publish
        data:
          topic: nuvo/command/set/zone/src
          payload: 5,1
      - service: mqtt.publish
        data:
          topic: nuvo/command/set/zone/src
          payload: 10,1
      - service: switch.turn_on
        data:
          entity_id: switch.nuvo_zone_4_power
      - delay:
          milliseconds: 500
      - service: switch.turn_on
        data:
          entity_id: switch.nuvo_zone_5_power
      - delay:
          milliseconds: 500
      - service: switch.turn_on
        data:
          entity_id: switch.nuvo_zone_10_power
      - delay:
          milliseconds: 500
      - service: media_player.media_play
        entity_id: media_player.errol
      - choose:
        - conditions:
            - condition: template
              value_template: "{{ not states('input_select.mass_playlist') == states('input_select.mass_work_alarm_playlist')}}"
          sequence:
            - service: input_select.select_option
              data_template:
                entity_id: input_select.mass_playlist
                option: "{{ states('input_select.mass_work_alarm_playlist')}}"
            - service: script.mass_change_playlist
      - service: input_boolean.turn_on
        data:
          entity_id: input_boolean.master_lamp_timer
      - service: timer.start
        entity_id: timer.master_snooze

  - alias: Master Wake Second Snooze
    id: 7b143191-0e4d-4b5a-9613-c6e574285d38
    trigger:
      - platform: state
        entity_id: counter.master_snooze
        to: "3"
    condition:
      - condition: state
        entity_id: input_boolean.alarm_clock_active
        state: "on"
    action:
      - service: switch.turn_on
        entity_id: switch.master_bedroom_lamps

  - alias: Master Wake Snooze Start
    id: ee0cda71-bbd3-4bef-abc1-ec2926161526
    trigger:
      - platform: state
        entity_id: sensor.master_snooze_button_1_action
        to: "single"
      - platform: state
        entity_id: sensor.master_snooze_button_2_action
        to: "single"      
      - trigger: conversation
        command:
          - "Snooze"
    condition:
      - condition: state
        entity_id: input_boolean.alarm_clock_ringing
        state: "on"
      - condition: state
        entity_id: input_boolean.alarm_clock_active
        state: "on"
    action:
      - set_conversation_response: ""
      - service: mqtt.publish
        data:
          topic: horn/command/set/clock
          payload: "OFF"
      - service: timer.start
        entity_id: timer.master_snooze
      - service: input_boolean.turn_off
        entity_id: input_boolean.alarm_clock_ringing

  - alias: Master Wake Snooze Stop
    id: ee3dd64e-4ec6-4b79-981e-d9aaf22b214d
    trigger:
      - platform: event
        event_type: timer.finished
        event_data:
          entity_id: timer.master_snooze
    condition:
      - condition: state
        entity_id: input_boolean.alarm_clock_ringing
        state: "off"
      - condition: state
        entity_id: input_boolean.alarm_clock_active
        state: "on"
    action:
      - service: mqtt.publish
        data:
          topic: horn/command/set/clock
          payload: "ON"
      - service: input_boolean.turn_on
        entity_id: input_boolean.alarm_clock_ringing
      - service: counter.increment
        entity_id: counter.master_snooze

  - alias: Master Wake Off
    id: 1f49e9be-0277-4b38-aafd-5ce5028dde2e
    trigger:
      - platform: state
        entity_id: sensor.master_snooze_button_1_action
        to: "triple"
      - platform: state
        entity_id: sensor.master_snooze_button_2_action
        to: "triple"
      - platform: state
        entity_id: input_boolean.morning_trigger
        from: "off"
        to: "on"
    condition:
      - condition: state
        entity_id: input_boolean.alarm_clock_active
        state: "on"
    action:
      - service: mqtt.publish
        data:
          topic: horn/command/set/clock
          payload: "OFF"
      - service: timer.cancel
        entity_id: timer.master_snooze
      - service: counter.reset
        entity_id: counter.master_snooze
      - service: input_boolean.turn_off
        entity_id:
          - input_boolean.alarm_clock_ringing
          - input_boolean.alarm_clock_active
      - service: switch.turn_on
        entity_id: switch.master_bedroom_lamps
      - service: switch.turn_off 
        entity_id:
          - switch.master_clock_manual
          - switch.master_clock_work      
      - service: input_boolean.turn_off
        entity_id: 
          - input_boolean.work_alarm_status
          - input_boolean.manual_alarm_status

  - alias: Master Wake Work On from Keypad
    id: 05f2aa29-4a90-4c1c-972b-89b52161f609
    trigger:
      - platform: event
        event_type: isy994_control
        event_data:
          entity_id: sensor.master_bedroom_fan_a
          control: "DON"
    action:
      - service: input_boolean.turn_on
        entity_id: input_boolean.work_alarm_enabled

  - alias: Master Wake Work Off from Keypad
    id: 06e1f8f5-833d-4c8a-836a-09c07eb85a5e
    trigger:
      - platform: event
        event_type: isy994_control
        event_data:
          entity_id: sensor.master_bedroom_fan_a
          control: "DOF"
    action:
      - service: input_boolean.turn_off
        entity_id: input_boolean.work_alarm_enabled

  - alias: Master Wake Manual On from Keypad
    id: d504c47f-9a93-4b22-bac5-44f66d30a97b
    trigger:
      - platform: event
        event_type: isy994_control
        event_data:
          entity_id: sensor.master_bedroom_fan_b
          control: "DON"
    action:
      - service: input_boolean.turn_on
        entity_id: input_boolean.manual_alarm_enabled

  - alias: Master Wake Manual Off from Keypad
    id: eb15eae0-9430-48a5-9eea-617b46bebfd5
    trigger:
      - platform: event
        event_type: isy994_control
        event_data:
          entity_id: sensor.master_bedroom_fan_b
          control: "DOF"
    action:
      - service: input_boolean.turn_off
        entity_id: input_boolean.manual_alarm_enabled

  - alias: Update Master Alarm Clock Status
    id: bf30e6bf-b53d-467d-a791-061d2187a8b9
    trigger:
      - platform: time
        at: "19:00:00"
        id: daily_refresh
      - platform: state
        entity_id: 
          - binary_sensor.calendar_alarm_tomorrow
          - binary_sensor.work_holiday_tomorrow
          - input_boolean.manual_alarm_enabled
        id: schedule_tomorrow
      - platform: state
        entity_id: 
          - binary_sensor.calendar_alarm_today
          - binary_sensor.work_holiday_today
          - input_boolean.manual_alarm_enabled
        id: schedule_today
    condition:
      - condition: or
        conditions:
          - condition: trigger
            id: daily_refresh
          - condition: and
            conditions:
              - condition: trigger
                id: schedule_tomorrow
              - condition: time
                after: "19:00:00"
                before: "23:59:50"
          - condition: and
            conditions:
              - condition: trigger
                id: schedule_today
              - condition: time
                after: "00:00:10"
                before: "03:00:00"
    action:
      - choose:
          - conditions:
              - condition: or
                conditions:
                  - condition: and
                    conditions:
                      - condition: trigger
                        id: daily_refresh
                      - condition: state
                        entity_id: binary_sensor.weekend_tomorrow
                        state: "off"
                      - condition: state
                        entity_id: binary_sensor.work_holiday_tomorrow
                        state: "off"
                      - condition: state
                        entity_id: input_boolean.work_alarm_enabled
                        state: "on"
                  - condition: and
                    conditions:
                      - condition: trigger
                        id: schedule_tomorrow
                      - condition: state
                        entity_id: binary_sensor.weekend_tomorrow
                        state: "off"
                      - condition: state
                        entity_id: binary_sensor.work_holiday_tomorrow
                        state: "off"
                      - condition: state
                        entity_id: input_boolean.work_alarm_enabled
                        state: "on"
                  - condition: and
                    conditions:
                      - condition: trigger
                        id: schedule_today
                      - condition: state
                        entity_id: binary_sensor.weekend_today
                        state: "off"
                      - condition: state
                        entity_id: binary_sensor.work_holiday_today
                        state: "off"
                      - condition: state
                        entity_id: input_boolean.work_alarm_enabled
                        state: "on"
                      
            sequence:
              - service: switch.turn_on
                entity_id: switch.master_clock_work
              - service: input_boolean.turn_on
                entity_id: input_boolean.work_alarm_status
        default:
          - service: switch.turn_off
            entity_id: switch.master_clock_work
          - service: input_boolean.turn_off
            entity_id: input_boolean.work_alarm_status
      - choose:
          - conditions:
              - condition: or
                conditions:
                  - condition: and
                    conditions:
                      - condition: trigger
                        id: daily_refresh
                      - condition: state
                        entity_id: binary_sensor.calendar_alarm_tomorrow
                        state: "on"
                  - condition: and
                    conditions:
                      - condition: trigger
                        id: schedule_tomorrow
                      - condition: state
                        entity_id: binary_sensor.calendar_alarm_tomorrow
                        state: "on"
                  - condition: and
                    conditions:
                      - condition: trigger
                        id: schedule_today
                      - condition: state
                        entity_id: binary_sensor.calendar_alarm_today
                        state: "on"
                  - condition: state
                    entity_id: input_boolean.manual_alarm_enabled
                    state: "on"
            sequence:
              - service: switch.turn_on
                entity_id: switch.master_clock_manual
              - service: input_boolean.turn_on
                entity_id: input_boolean.manual_alarm_status
        default:
          - service: switch.turn_off
            entity_id: switch.master_clock_manual
          - service: input_boolean.turn_off
            entity_id: input_boolean.manual_alarm_status


